
Microsoft Visual Studio Solution File, Format Version 12.00
# Visual Studio Version 17
VisualStudioVersion = 17.9.34728.123
MinimumVisualStudioVersion = 10.0.40219.1
Project("{FAE04EC0-301F-11D3-BF4B-00C04F79EFBC}") = "Business", "Business\Business.csproj", "{2E1E22CF-4116-4518-85FD-7DA6F8BCBBA6}"
EndProject
Project("{FAE04EC0-301F-11D3-BF4B-00C04F79EFBC}") = "Core", "Core\Core.csproj", "{47F9C7B8-CC0B-4FBD-8296-CD5D9D81FF59}"
EndProject
Project("{FAE04EC0-301F-11D3-BF4B-00C04F79EFBC}") = "DataAccess", "DataAccess\DataAccess.csproj", "{EB40FE9D-B3B0-4550-BCE6-1D96C07BE9AA}"
EndProject
Project("{FAE04EC0-301F-11D3-BF4B-00C04F79EFBC}") = "Model", "Model\Model.csproj", "{77C4E50B-98FF-428E-AC80-952F53D0D60D}"
EndProject
Project("{FAE04EC0-301F-11D3-BF4B-00C04F79EFBC}") = "WebApplication", "WebApplication\WebApplication.csproj", "{027942F9-A21B-46EA-8963-2E05D1366E2C}"
EndProject
Global
	GlobalSection(SolutionConfigurationPlatforms) = preSolution
		Debug|Any CPU = Debug|Any CPU
		Release|Any CPU = Release|Any CPU
	EndGlobalSection
	GlobalSection(ProjectConfigurationPlatforms) = postSolution
		{2E1E22CF-4116-4518-85FD-7DA6F8BCBBA6}.Debug|Any CPU.ActiveCfg = Debug|Any CPU
		{2E1E22CF-4116-4518-85FD-7DA6F8BCBBA6}.Debug|Any CPU.Build.0 = Debug|Any CPU
		{2E1E22CF-4116-4518-85FD-7DA6F8BCBBA6}.Release|Any CPU.ActiveCfg = Release|Any CPU
		{2E1E22CF-4116-4518-85FD-7DA6F8BCBBA6}.Release|Any CPU.Build.0 = Release|Any CPU
		{47F9C7B8-CC0B-4FBD-8296-CD5D9D81FF59}.Debug|Any CPU.ActiveCfg = Debug|Any CPU
		{47F9C7B8-CC0B-4FBD-8296-CD5D9D81FF59}.Debug|Any CPU.Build.0 = Debug|Any CPU
		{47F9C7B8-CC0B-4FBD-8296-CD5D9D81FF59}.Release|Any CPU.ActiveCfg = Release|Any CPU
		{47F9C7B8-CC0B-4FBD-8296-CD5D9D81FF59}.Release|Any CPU.Build.0 = Release|Any CPU
		{EB40FE9D-B3B0-4550-BCE6-1D96C07BE9AA}.Debug|Any CPU.ActiveCfg = Debug|Any CPU
		{EB40FE9D-B3B0-4550-BCE6-1D96C07BE9AA}.Debug|Any CPU.Build.0 = Debug|Any CPU
		{EB40FE9D-B3B0-4550-BCE6-1D96C07BE9AA}.Release|Any CPU.ActiveCfg = Release|Any CPU
		{EB40FE9D-B3B0-4550-BCE6-1D96C07BE9AA}.Release|Any CPU.Build.0 = Release|Any CPU
		{77C4E50B-98FF-428E-AC80-952F53D0D60D}.Debug|Any CPU.ActiveCfg = Debug|Any CPU
		{77C4E50B-98FF-428E-AC80-952F53D0D60D}.Debug|Any CPU.Build.0 = Debug|Any CPU
		{77C4E50B-98FF-428E-AC80-952F53D0D60D}.Release|Any CPU.ActiveCfg = Release|Any CPU
		{77C4E50B-98FF-428E-AC80-952F53D0D60D}.Release|Any CPU.Build.0 = Release|Any CPU
		{027942F9-A21B-46EA-8963-2E05D1366E2C}.Debug|Any CPU.ActiveCfg = Debug|Any CPU
		{027942F9-A21B-46EA-8963-2E05D1366E2C}.Debug|Any CPU.Build.0 = Debug|Any CPU
		{027942F9-A21B-46EA-8963-2E05D1366E2C}.Release|Any CPU.ActiveCfg = Release|Any CPU
		{027942F9-A21B-46EA-8963-2E05D1366E2C}.Release|Any CPU.Build.0 = Release|Any CPU
	EndGlobalSection
	GlobalSection(SolutionProperties) = preSolution
		HideSolutionNode = FALSE
	EndGlobalSection
	GlobalSection(ExtensibilityGlobals) = postSolution
		SolutionGuid = {E025D549-7D7C-431E-9811-175F03FB879A}
	EndGlobalSection
EndGlobal
