
Microsoft Visual Studio Solution File, Format Version 12.00
# Visual Studio Version 17
VisualStudioVersion = 17.9.34728.123
MinimumVisualStudioVersion = 10.0.40219.1
Project("{FAE04EC0-301F-11D3-BF4B-00C04F79EFBC}") = "Core", "Core\Core.csproj", "{B045817B-EB02-4A0E-B227-CE774F2807EB}"
EndProject
Project("{FAE04EC0-301F-11D3-BF4B-00C04F79EFBC}") = "Business", "Business\Business.csproj", "{3F847620-C4E8-4A4F-8224-34F72C397B5C}"
EndProject
Project("{FAE04EC0-301F-11D3-BF4B-00C04F79EFBC}") = "Model", "Model\Model.csproj", "{C05A85BB-A55B-4BD3-A4FC-E395BFCC32DC}"
EndProject
Project("{FAE04EC0-301F-11D3-BF4B-00C04F79EFBC}") = "DataAccess", "DataAccess\DataAccess.csproj", "{A2BDE750-D21C-44F8-81A5-C8465506BB14}"
EndProject
Project("{FAE04EC0-301F-11D3-BF4B-00C04F79EFBC}") = "WebApi", "WebApi\WebApi.csproj", "{792FDB33-78A5-4400-B90E-40E2C0D8C620}"
EndProject
Global
	GlobalSection(SolutionConfigurationPlatforms) = preSolution
		Debug|Any CPU = Debug|Any CPU
		Release|Any CPU = Release|Any CPU
	EndGlobalSection
	GlobalSection(ProjectConfigurationPlatforms) = postSolution
		{B045817B-EB02-4A0E-B227-CE774F2807EB}.Debug|Any CPU.ActiveCfg = Debug|Any CPU
		{B045817B-EB02-4A0E-B227-CE774F2807EB}.Debug|Any CPU.Build.0 = Debug|Any CPU
		{B045817B-EB02-4A0E-B227-CE774F2807EB}.Release|Any CPU.ActiveCfg = Release|Any CPU
		{B045817B-EB02-4A0E-B227-CE774F2807EB}.Release|Any CPU.Build.0 = Release|Any CPU
		{3F847620-C4E8-4A4F-8224-34F72C397B5C}.Debug|Any CPU.ActiveCfg = Debug|Any CPU
		{3F847620-C4E8-4A4F-8224-34F72C397B5C}.Debug|Any CPU.Build.0 = Debug|Any CPU
		{3F847620-C4E8-4A4F-8224-34F72C397B5C}.Release|Any CPU.ActiveCfg = Release|Any CPU
		{3F847620-C4E8-4A4F-8224-34F72C397B5C}.Release|Any CPU.Build.0 = Release|Any CPU
		{C05A85BB-A55B-4BD3-A4FC-E395BFCC32DC}.Debug|Any CPU.ActiveCfg = Debug|Any CPU
		{C05A85BB-A55B-4BD3-A4FC-E395BFCC32DC}.Debug|Any CPU.Build.0 = Debug|Any CPU
		{C05A85BB-A55B-4BD3-A4FC-E395BFCC32DC}.Release|Any CPU.ActiveCfg = Release|Any CPU
		{C05A85BB-A55B-4BD3-A4FC-E395BFCC32DC}.Release|Any CPU.Build.0 = Release|Any CPU
		{A2BDE750-D21C-44F8-81A5-C8465506BB14}.Debug|Any CPU.ActiveCfg = Debug|Any CPU
		{A2BDE750-D21C-44F8-81A5-C8465506BB14}.Debug|Any CPU.Build.0 = Debug|Any CPU
		{A2BDE750-D21C-44F8-81A5-C8465506BB14}.Release|Any CPU.ActiveCfg = Release|Any CPU
		{A2BDE750-D21C-44F8-81A5-C8465506BB14}.Release|Any CPU.Build.0 = Release|Any CPU
		{792FDB33-78A5-4400-B90E-40E2C0D8C620}.Debug|Any CPU.ActiveCfg = Debug|Any CPU
		{792FDB33-78A5-4400-B90E-40E2C0D8C620}.Debug|Any CPU.Build.0 = Debug|Any CPU
		{792FDB33-78A5-4400-B90E-40E2C0D8C620}.Release|Any CPU.ActiveCfg = Release|Any CPU
		{792FDB33-78A5-4400-B90E-40E2C0D8C620}.Release|Any CPU.Build.0 = Release|Any CPU
	EndGlobalSection
	GlobalSection(SolutionProperties) = preSolution
		HideSolutionNode = FALSE
	EndGlobalSection
	GlobalSection(ExtensibilityGlobals) = postSolution
		SolutionGuid = {CB677CB1-8432-4508-B47B-CF5A0ABA7E26}
	EndGlobalSection
EndGlobal
